<Solution>
  <Folder Name="/src/">
    <Project Path="src/GlobalCaptureAssistant/GlobalCaptureAssistant.csproj" />
    <Project Path="src/OneNoteAnalyzeAddIn/OneNoteAnalyzeAddIn.csproj" />
  </Folder>
  <Folder Name="/tests/">
    <Project Path="tests/OneNoteAnalyzeAddIn.Tests/OneNoteAnalyzeAddIn.Tests.csproj" />
  </Folder>
</Solution>
